{
  "requires": true,
  "lockfileVersion": 1,
  "dependencies": {
    "manhattan": {
      "version": "1.0.0",
      "resolved": "https://registry.npmjs.org/manhattan/-/manhattan-1.0.0.tgz",
      "integrity": "sha512-PIHWL7/v3GAgNS+aBq3reCkBZZCC5btsyRjAUsbInkNjKpN5VRQAjTnU/+jr9AEeEi8dLy4e7Jrc3Z6iyVu3Sw=="
    }
  }
}
